// !$*UTF8*$!
{
	archiveVersion = 1;
	classes = {
	};
	objectVersion = 46;
	objects = {

/* Begin PBXBuildFile section */
		C07A16BE1BF5ECCE0030B740 /* main.m in Sources */ = {isa = PBXBuildFile; fileRef = C07A16BD1BF5ECCE0030B740 /* main.m */; };
		C07A16C11BF5ECCE0030B740 /* AppDelegate.m in Sources */ = {isa = PBXBuildFile; fileRef = C07A16C01BF5ECCE0030B740 /* AppDelegate.m */; };
		C07A16C41BF5ECCE0030B740 /* ViewController.m in Sources */ = {isa = PBXBuildFile; fileRef = C07A16C31BF5ECCE0030B740 /* ViewController.m */; };
		C07A16C71BF5ECCE0030B740 /* Main.storyboard in Resources */ = {isa = PBXBuildFile; fileRef = C07A16C51BF5ECCE0030B740 /* Main.storyboard */; };
		C07A16CA1BF5ECCE0030B740 /* vvvvv.xcdatamodeld in Sources */ = {isa = PBXBuildFile; fileRef = C07A16C81BF5ECCE0030B740 /* vvvvv.xcdatamodeld */; };
		C07A16CC1BF5ECCE0030B740 /* Assets.xcassets in Resources */ = {isa = PBXBuildFile; fileRef = C07A16CB1BF5ECCE0030B740 /* Assets.xcassets */; };
		C07A16CF1BF5ECCE0030B740 /* LaunchScreen.storyboard in Resources */ = {isa = PBXBuildFile; fileRef = C07A16CD1BF5ECCE0030B740 /* LaunchScreen.storyboard */; };
		C07A16DA1BF5ECCE0030B740 /* vvvvvTests.m in Sources */ = {isa = PBXBuildFile; fileRef = C07A16D91BF5ECCE0030B740 /* vvvvvTests.m */; };
		C07A16E51BF5ECCE0030B740 /* vvvvvUITests.m in Sources */ = {isa = PBXBuildFile; fileRef = C07A16E41BF5ECCE0030B740 /* vvvvvUITests.m */; };
/* End PBXBuildFile section */

/* Begin PBXContainerItemProxy section */
		C07A16D61BF5ECCE0030B740 /* PBXContainerItemProxy */ = {
			isa = PBXContainerItemProxy;
			containerPortal = C07A16B11BF5ECCE0030B740 /* Project object */;
			proxyType = 1;
			remoteGlobalIDString = C07A16B81BF5ECCE0030B740;
			remoteInfo = vvvvv;
		};
		C07A16E11BF5ECCE0030B740 /* PBXContainerItemProxy */ = {
			isa = PBXContainerItemProxy;
			containerPortal = C07A16B11BF5ECCE0030B740 /* Project object */;
			proxyType = 1;
			remoteGlobalIDString = C07A16B81BF5ECCE0030B740;
			remoteInfo = vvvvv;
		};
/* End PBXContainerItemProxy section */

/* Begin PBXFileReference section */
		C07A16B91BF5ECCE0030B740 /* vvvvv.app */ = {isa = PBXFileReference; explicitFileType = wrapper.application; includeInIndex = 0; path = vvvvv.app; sourceTree = BUILT_PRODUCTS_DIR; };
		C07A16BD1BF5ECCE0030B740 /* main.m */ = {isa = PBXFileReference; lastKnownFileType = sourcecode.c.objc; path = main.m; sourceTree = "<group>"; };
		C07A16BF1BF5ECCE0030B740 /* AppDelegate.h */ = {isa = PBXFileReference; lastKnownFileType = sourcecode.c.h; path = AppDelegate.h; sourceTree = "<group>"; };
		C07A16C01BF5ECCE0030B740 /* AppDelegate.m */ = {isa = PBXFileReference; lastKnownFileType = sourcecode.c.objc; path = AppDelegate.m; sourceTree = "<group>"; };
		C07A16C21BF5ECCE0030B740 /* ViewController.h */ = {isa = PBXFileReference; lastKnownFileType = sourcecode.c.h; path = ViewController.h; sourceTree = "<group>"; };
		C07A16C31BF5ECCE0030B740 /* ViewController.m */ = {isa = PBXFileReference; lastKnownFileType = sourcecode.c.objc; path = ViewController.m; sourceTree = "<group>"; };
		C07A16C61BF5ECCE0030B740 /* Base */ = {isa = PBXFileReference; lastKnownFileType = file.storyboard; name = Base; path = Base.lproj/Main.storyboard; sourceTree = "<group>"; };
		C07A16C91BF5ECCE0030B740 /* vvvvv.xcdatamodel */ = {isa = PBXFileReference; lastKnownFileType = wrapper.xcdatamodel; path = vvvvv.xcdatamodel; sourceTree = "<group>"; };
		C07A16CB1BF5ECCE0030B740 /* Assets.xcassets */ = {isa = PBXFileReference; lastKnownFileType = folder.assetcatalog; path = Assets.xcassets; sourceTree = "<group>"; };
		C07A16CE1BF5ECCE0030B740 /* Base */ = {isa = PBXFileReference; lastKnownFileType = file.storyboard; name = Base; path = Base.lproj/LaunchScreen.storyboard; sourceTree = "<group>"; };
		C07A16D01BF5ECCE0030B740 /* Info.plist */ = {isa = PBXFileReference; lastKnownFileType = text.plist.xml; path = Info.plist; sourceTree = "<group>"; };
		C07A16D51BF5ECCE0030B740 /* vvvvvTests.xctest */ = {isa = PBXFileReference; explicitFileType = wrapper.cfbundle; includeInIndex = 0; path = vvvvvTests.xctest; sourceTree = BUILT_PRODUCTS_DIR; };
		C07A16D91BF5ECCE0030B740 /* vvvvvTests.m */ = {isa = PBXFileReference; lastKnownFileType = sourcecode.c.objc; path = vvvvvTests.m; sourceTree = "<group>"; };
		C07A16DB1BF5ECCE0030B740 /* Info.plist */ = {isa = PBXFileReference; lastKnownFileType = text.plist.xml; path = Info.plist; sourceTree = "<group>"; };
		C07A16E01BF5ECCE0030B740 /* vvvvvUITests.xctest */ = {isa = PBXFileReference; explicitFileType = wrapper.cfbundle; includeInIndex = 0; path = vvvvvUITests.xctest; sourceTree = BUILT_PRODUCTS_DIR; };
		C07A16E41BF5ECCE0030B740 /* vvvvvUITests.m */ = {isa = PBXFileReference; lastKnownFileType = sourcecode.c.objc; path = vvvvvUITests.m; sourceTree = "<group>"; };
		C07A16E61BF5ECCE0030B740 /* Info.plist */ = {isa = PBXFileReference; lastKnownFileType = text.plist.xml; path = Info.plist; sourceTree = "<group>"; };
/* End PBXFileReference section */

/* Begin PBXFrameworksBuildPhase section */
		C07A16B61BF5ECCE0030B740 /* Frameworks */ = {
			isa = PBXFrameworksBuildPhase;
			buildActionMask = 2147483647;
			files = (
			);
			runOnlyForDeploymentPostprocessing = 0;
		};
		C07A16D21BF5ECCE0030B740 /* Frameworks */ = {
			isa = PBXFrameworksBuildPhase;
			buildActionMask = 2147483647;
			files = (
			);
			runOnlyForDeploymentPostprocessing = 0;
		};
		C07A16DD1BF5ECCE0030B740 /* Frameworks */ = {
			isa = PBXFrameworksBuildPhase;
			buildActionMask = 2147483647;
			files = (
			);
			runOnlyForDeploymentPostprocessing = 0;
		};
/* End PBXFrameworksBuildPhase section */

/* Begin PBXGroup section */
		C07A16B01BF5ECCE0030B740 = {
			isa = PBXGroup;
			children = (
				C07A16BB1BF5ECCE0030B740 /* vvvvv */,
				C07A16D81BF5ECCE0030B740 /* vvvvvTests */,
				C07A16E31BF5ECCE0030B740 /* vvvvvUITests */,
				C07A16BA1BF5ECCE0030B740 /* Products */,
			);
			sourceTree = "<group>";
		};
		C07A16BA1BF5ECCE0030B740 /* Products */ = {
			isa = PBXGroup;
			children = (
				C07A16B91BF5ECCE0030B740 /* vvvvv.app */,
				C07A16D51BF5ECCE0030B740 /* vvvvvTests.xctest */,
				C07A16E01BF5ECCE0030B740 /* vvvvvUITests.xctest */,
			);
			name = Products;
			sourceTree = "<group>";
		};
		C07A16BB1BF5ECCE0030B740 /* vvvvv */ = {
			isa = PBXGroup;
			children = (
				C07A16BF1BF5ECCE0030B740 /* AppDelegate.h */,
				C07A16C01BF5ECCE0030B740 /* AppDelegate.m */,
				C07A16C21BF5ECCE0030B740 /* ViewController.h */,
				C07A16C31BF5ECCE0030B740 /* ViewController.m */,
				C07A16C51BF5ECCE0030B740 /* Main.storyboard */,
				C07A16CB1BF5ECCE0030B740 /* Assets.xcassets */,
				C07A16CD1BF5ECCE0030B740 /* LaunchScreen.storyboard */,
				C07A16D01BF5ECCE0030B740 /* Info.plist */,
				C07A16C81BF5ECCE0030B740 /* vvvvv.xcdatamodeld */,
				C07A16BC1BF5ECCE0030B740 /* Supporting Files */,
			);
			path = vvvvv;
			sourceTree = "<group>";
		};
		C07A16BC1BF5ECCE0030B740 /* Supporting Files */ = {
			isa = PBXGroup;
			children = (
				C07A16BD1BF5ECCE0030B740 /* main.m */,
			);
			name = "Supporting Files";
			sourceTree = "<group>";
		};
		C07A16D81BF5ECCE0030B740 /* vvvvvTests */ = {
			isa = PBXGroup;
			children = (
				C07A16D91BF5ECCE0030B740 /* vvvvvTests.m */,
				C07A16DB1BF5ECCE0030B740 /* Info.plist */,
			);
			path = vvvvvTests;
			sourceTree = "<group>";
		};
		C07A16E31BF5ECCE0030B740 /* vvvvvUITests */ = {
			isa = PBXGroup;
			children = (
				C07A16E41BF5ECCE0030B740 /* vvvvvUITests.m */,
				C07A16E61BF5ECCE0030B740 /* Info.plist */,
			);
			path = vvvvvUITests;
			sourceTree = "<group>";
		};
/* End PBXGroup section */

/* Begin PBXNativeTarget section */
		C07A16B81BF5ECCE0030B740 /* vvvvv */ = {
			isa = PBXNativeTarget;
			buildConfigurationList = C07A16E91BF5ECCE0030B740 /* Build configuration list for PBXNativeTarget "vvvvv" */;
			buildPhases = (
				C07A16B51BF5ECCE0030B740 /* Sources */,
				C07A16B61BF5ECCE0030B740 /* Frameworks */,
				C07A16B71BF5ECCE0030B740 /* Resources */,
			);
			buildRules = (
			);
			dependencies = (
			);
			name = vvvvv;
			productName = vvvvv;
			productReference = C07A16B91BF5ECCE0030B740 /* vvvvv.app */;
			productType = "com.apple.product-type.application";
		};
		C07A16D41BF5ECCE0030B740 /* vvvvvTests */ = {
			isa = PBXNativeTarget;
			buildConfigurationList = C07A16EC1BF5ECCE0030B740 /* Build configuration list for PBXNativeTarget "vvvvvTests" */;
			buildPhases = (
				C07A16D11BF5ECCE0030B740 /* Sources */,
				C07A16D21BF5ECCE0030B740 /* Frameworks */,
				C07A16D31BF5ECCE0030B740 /* Resources */,
			);
			buildRules = (
			);
			dependencies = (
				C07A16D71BF5ECCE0030B740 /* PBXTargetDependency */,
			);
			name = vvvvvTests;
			productName = vvvvvTests;
			productReference = C07A16D51BF5ECCE0030B740 /* vvvvvTests.xctest */;
			productType = "com.apple.product-type.bundle.unit-test";
		};
		C07A16DF1BF5ECCE0030B740 /* vvvvvUITests */ = {
			isa = PBXNativeTarget;
			buildConfigurationList = C07A16EF1BF5ECCE0030B740 /* Build configuration list for PBXNativeTarget "vvvvvUITests" */;
			buildPhases = (
				C07A16DC1BF5ECCE0030B740 /* Sources */,
				C07A16DD1BF5ECCE0030B740 /* Frameworks */,
				C07A16DE1BF5ECCE0030B740 /* Resources */,
			);
			buildRules = (
			);
			dependencies = (
				C07A16E21BF5ECCE0030B740 /* PBXTargetDependency */,
			);
			name = vvvvvUITests;
			productName = vvvvvUITests;
			productReference = C07A16E01BF5ECCE0030B740 /* vvvvvUITests.xctest */;
			productType = "com.apple.product-type.bundle.ui-testing";
		};
/* End PBXNativeTarget section */

/* Begin PBXProject section */
		C07A16B11BF5ECCE0030B740 /* Project object */ = {
			isa = PBXProject;
			attributes = {
				LastUpgradeCheck = 0700;
				ORGANIZATIONNAME = "栾有数";
				TargetAttributes = {
					C07A16B81BF5ECCE0030B740 = {
						CreatedOnToolsVersion = 7.0;
					};
					C07A16D41BF5ECCE0030B740 = {
						CreatedOnToolsVersion = 7.0;
						TestTargetID = C07A16B81BF5ECCE0030B740;
					};
					C07A16DF1BF5ECCE0030B740 = {
						CreatedOnToolsVersion = 7.0;
						TestTargetID = C07A16B81BF5ECCE0030B740;
					};
				};
			};
			buildConfigurationList = C07A16B41BF5ECCE0030B740 /* Build configuration list for PBXProject "vvvvv" */;
			compatibilityVersion = "Xcode 3.2";
			developmentRegion = English;
			hasScannedForEncodings = 0;
			knownRegions = (
				en,
				Base,
			);
			mainGroup = C07A16B01BF5ECCE0030B740;
			productRefGroup = C07A16BA1BF5ECCE0030B740 /* Products */;
			projectDirPath = "";
			projectRoot = "";
			targets = (
				C07A16B81BF5ECCE0030B740 /* vvvvv */,
				C07A16D41BF5ECCE0030B740 /* vvvvvTests */,
				C07A16DF1BF5ECCE0030B740 /* vvvvvUITests */,
			);
		};
/* End PBXProject section */

/* Begin PBXResourcesBuildPhase section */
		C07A16B71BF5ECCE0030B740 /* Resources */ = {
			isa = PBXResourcesBuildPhase;
			buildActionMask = 2147483647;
			files = (
				C07A16CF1BF5ECCE0030B740 /* LaunchScreen.storyboard in Resources */,
				C07A16CC1BF5ECCE0030B740 /* Assets.xcassets in Resources */,
				C07A16C71BF5ECCE0030B740 /* Main.storyboard in Resources */,
			);
			runOnlyForDeploymentPostprocessing = 0;
		};
		C07A16D31BF5ECCE0030B740 /* Resources */ = {
			isa = PBXResourcesBuildPhase;
			buildActionMask = 2147483647;
			files = (
			);
			runOnlyForDeploymentPostprocessing = 0;
		};
		C07A16DE1BF5ECCE0030B740 /* Resources */ = {
			isa = PBXResourcesBuildPhase;
			buildActionMask = 2147483647;
			files = (
			);
			runOnlyForDeploymentPostprocessing = 0;
		};
/* End PBXResourcesBuildPhase section */

/* Begin PBXSourcesBuildPhase section */
		C07A16B51BF5ECCE0030B740 /* Sources */ = {
			isa = PBXSourcesBuildPhase;
			buildActionMask = 2147483647;
			files = (
				C07A16CA1BF5ECCE0030B740 /* vvvvv.xcdatamodeld in Sources */,
				C07A16C41BF5ECCE0030B740 /* ViewController.m in Sources */,
				C07A16C11BF5ECCE0030B740 /* AppDelegate.m in Sources */,
				C07A16BE1BF5ECCE0030B740 /* main.m in Sources */,
			);
			runOnlyForDeploymentPostprocessing = 0;
		};
		C07A16D11BF5ECCE0030B740 /* Sources */ = {
			isa = PBXSourcesBuildPhase;
			buildActionMask = 2147483647;
			files = (
				C07A16DA1BF5ECCE0030B740 /* vvvvvTests.m in Sources */,
			);
			runOnlyForDeploymentPostprocessing = 0;
		};
		C07A16DC1BF5ECCE0030B740 /* Sources */ = {
			isa = PBXSourcesBuildPhase;
			buildActionMask = 2147483647;
			files = (
				C07A16E51BF5ECCE0030B740 /* vvvvvUITests.m in Sources */,
			);
			runOnlyForDeploymentPostprocessing = 0;
		};
/* End PBXSourcesBuildPhase section */

/* Begin PBXTargetDependency section */
		C07A16D71BF5ECCE0030B740 /* PBXTargetDependency */ = {
			isa = PBXTargetDependency;
			target = C07A16B81BF5ECCE0030B740 /* vvvvv */;
			targetProxy = C07A16D61BF5ECCE0030B740 /* PBXContainerItemProxy */;
		};
		C07A16E21BF5ECCE0030B740 /* PBXTargetDependency */ = {
			isa = PBXTargetDependency;
			target = C07A16B81BF5ECCE0030B740 /* vvvvv */;
			targetProxy = C07A16E11BF5ECCE0030B740 /* PBXContainerItemProxy */;
		};
/* End PBXTargetDependency section */

/* Begin PBXVariantGroup section */
		C07A16C51BF5ECCE0030B740 /* Main.storyboard */ = {
			isa = PBXVariantGroup;
			children = (
				C07A16C61BF5ECCE0030B740 /* Base */,
			);
			name = Main.storyboard;
			sourceTree = "<group>";
		};
		C07A16CD1BF5ECCE0030B740 /* LaunchScreen.storyboard */ = {
			isa = PBXVariantGroup;
			children = (
				C07A16CE1BF5ECCE0030B740 /* Base */,
			);
			name = LaunchScreen.storyboard;
			sourceTree = "<group>";
		};
/* End PBXVariantGroup section */

/* Begin XCBuildConfiguration section */
		C07A16E71BF5ECCE0030B740 /* Debug */ = {
			isa = XCBuildConfiguration;
			buildSettings = {
				ALWAYS_SEARCH_USER_PATHS = NO;
				CLANG_CXX_LANGUAGE_STANDARD = "gnu++0x";
				CLANG_CXX_LIBRARY = "libc++";
				CLANG_ENABLE_MODULES = YES;
				CLANG_ENABLE_OBJC_ARC = YES;
				CLANG_WARN_BOOL_CONVERSION = YES;
				CLANG_WARN_CONSTANT_CONVERSION = YES;
				CLANG_WARN_DIRECT_OBJC_ISA_USAGE = YES_ERROR;
				CLANG_WARN_EMPTY_BODY = YES;
				CLANG_WARN_ENUM_CONVERSION = YES;
				CLANG_WARN_INT_CONVERSION = YES;
				CLANG_WARN_OBJC_ROOT_CLASS = YES_ERROR;
				CLANG_WARN_UNREACHABLE_CODE = YES;
				CLANG_WARN__DUPLICATE_METHOD_MATCH = YES;
				"CODE_SIGN_IDENTITY[sdk=iphoneos*]" = "iPhone Developer";
				COPY_PHASE_STRIP = NO;
				DEBUG_INFORMATION_FORMAT = dwarf;
				ENABLE_STRICT_OBJC_MSGSEND = YES;
				ENABLE_TESTABILITY = YES;
				GCC_C_LANGUAGE_STANDARD = gnu99;
				GCC_DYNAMIC_NO_PIC = NO;
				GCC_NO_COMMON_BLOCKS = YES;
				GCC_OPTIMIZATION_LEVEL = 0;
				GCC_PREPROCESSOR_DEFINITIONS = (
					"DEBUG=1",
					"$(inherited)",
				);
				GCC_WARN_64_TO_32_BIT_CONVERSION = YES;
				GCC_WARN_ABOUT_RETURN_TYPE = YES_ERROR;
				GCC_WARN_UNDECLARED_SELECTOR = YES;
				GCC_WARN_UNINITIALIZED_AUTOS = YES_AGGRESSIVE;
				GCC_WARN_UNUSED_FUNCTION = YES;
				GCC_WARN_UNUSED_VARIABLE = YES;
				IPHONEOS_DEPLOYMENT_TARGET = 9.0;
				MTL_ENABLE_DEBUG_INFO = YES;
				ONLY_ACTIVE_ARCH = YES;
				SDKROOT = iphoneos;
				TARGETED_DEVICE_FAMILY = "1,2";
			};
			name = Debug;
		};
		C07A16E81BF5ECCE0030B740 /* Release */ = {
			isa = XCBuildConfiguration;
			buildSettings = {
				ALWAYS_SEARCH_USER_PATHS = NO;
				CLANG_CXX_LANGUAGE_STANDARD = "gnu++0x";
				CLANG_CXX_LIBRARY = "libc++";
				CLANG_ENABLE_MODULES = YES;
				CLANG_ENABLE_OBJC_ARC = YES;
				CLANG_WARN_BOOL_CONVERSION = YES;
				CLANG_WARN_CONSTANT_CONVERSION = YES;
				CLANG_WARN_DIRECT_OBJC_ISA_USAGE = YES_ERROR;
				CLANG_WARN_EMPTY_BODY = YES;
				CLANG_WARN_ENUM_CONVERSION = YES;
				CLANG_WARN_INT_CONVERSION = YES;
				CLANG_WARN_OBJC_ROOT_CLASS = YES_ERROR;
				CLANG_WARN_UNREACHABLE_CODE = YES;
				CLANG_WARN__DUPLICATE_METHOD_MATCH = YES;
				"CODE_SIGN_IDENTITY[sdk=iphoneos*]" = "iPhone Developer";
				COPY_PHASE_STRIP = NO;
				DEBUG_INFORMATION_FORMAT = "dwarf-with-dsym";
				ENABLE_NS_ASSERTIONS = NO;
				ENABLE_STRICT_OBJC_MSGSEND = YES;
				GCC_C_LANGUAGE_STANDARD = gnu99;
				GCC_NO_COMMON_BLOCKS = YES;
				GCC_WARN_64_TO_32_BIT_CONVERSION = YES;
				GCC_WARN_ABOUT_RETURN_TYPE = YES_ERROR;
				GCC_WARN_UNDECLARED_SELECTOR = YES;
				GCC_WARN_UNINITIALIZED_AUTOS = YES_AGGRESSIVE;
				GCC_WARN_UNUSED_FUNCTION = YES;
				GCC_WARN_UNUSED_VARIABLE = YES;
				IPHONEOS_DEPLOYMENT_TARGET = 9.0;
				MTL_ENABLE_DEBUG_INFO = NO;
				SDKROOT = iphoneos;
				TARGETED_DEVICE_FAMILY = "1,2";
				VALIDATE_PRODUCT = YES;
			};
			name = Release;
		};
		C07A16EA1BF5ECCE0030B740 /* Debug */ = {
			isa = XCBuildConfiguration;
			buildSettings = {
				ASSETCATALOG_COMPILER_APPICON_NAME = AppIcon;
				INFOPLIST_FILE = vvvvv/Info.plist;
				LD_RUNPATH_SEARCH_PATHS = "$(inherited) @executable_path/Frameworks";
				PRODUCT_BUNDLE_IDENTIFIER = a.vvvvv;
				PRODUCT_NAME = "$(TARGET_NAME)";
			};
			name = Debug;
		};
		C07A16EB1BF5ECCE0030B740 /* Release */ = {
			isa = XCBuildConfiguration;
			buildSettings = {
				ASSETCATALOG_COMPILER_APPICON_NAME = AppIcon;
				INFOPLIST_FILE = vvvvv/Info.plist;
				LD_RUNPATH_SEARCH_PATHS = "$(inherited) @executable_path/Frameworks";
				PRODUCT_BUNDLE_IDENTIFIER = a.vvvvv;
				PRODUCT_NAME = "$(TARGET_NAME)";
			};
			name = Release;
		};
		C07A16ED1BF5ECCE0030B740 /* Debug */ = {
			isa = XCBuildConfiguration;
			buildSettings = {
				BUNDLE_LOADER = "$(TEST_HOST)";
				INFOPLIST_FILE = vvvvvTests/Info.plist;
				LD_RUNPATH_SEARCH_PATHS = "$(inherited) @executable_path/Frameworks @loader_path/Frameworks";
				PRODUCT_BUNDLE_IDENTIFIER = a.vvvvvTests;
				PRODUCT_NAME = "$(TARGET_NAME)";
				TEST_HOST = "$(BUILT_PRODUCTS_DIR)/vvvvv.app/vvvvv";
			};
			name = Debug;
		};
		C07A16EE1BF5ECCE0030B740 /* Release */ = {
			isa = XCBuildConfiguration;
			buildSettings = {
				BUNDLE_LOADER = "$(TEST_HOST)";
				INFOPLIST_FILE = vvvvvTests/Info.plist;
				LD_RUNPATH_SEARCH_PATHS = "$(inherited) @executable_path/Frameworks @loader_path/Frameworks";
				PRODUCT_BUNDLE_IDENTIFIER = a.vvvvvTests;
				PRODUCT_NAME = "$(TARGET_NAME)";
				TEST_HOST = "$(BUILT_PRODUCTS_DIR)/vvvvv.app/vvvvv";
			};
			name = Release;
		};
		C07A16F01BF5ECCE0030B740 /* Debug */ = {
			isa = XCBuildConfiguration;
			buildSettings = {
				INFOPLIST_FILE = vvvvvUITests/Info.plist;
				LD_RUNPATH_SEARCH_PATHS = "$(inherited) @executable_path/Frameworks @loader_path/Frameworks";
				PRODUCT_BUNDLE_IDENTIFIER = a.vvvvvUITests;
				PRODUCT_NAME = "$(TARGET_NAME)";
				TEST_TARGET_NAME = vvvvv;
				USES_XCTRUNNER = YES;
			};
			name = Debug;
		};
		C07A16F11BF5ECCE0030B740 /* Release */ = {
			isa = XCBuildConfiguration;
			buildSettings = {
				INFOPLIST_FILE = vvvvvUITests/Info.plist;
				LD_RUNPATH_SEARCH_PATHS = "$(inherited) @executable_path/Frameworks @loader_path/Frameworks";
				PRODUCT_BUNDLE_IDENTIFIER = a.vvvvvUITests;
				PRODUCT_NAME = "$(TARGET_NAME)";
				TEST_TARGET_NAME = vvvvv;
				USES_XCTRUNNER = YES;
			};
			name = Release;
		};
/* End XCBuildConfiguration section */

/* Begin XCConfigurationList section */
		C07A16B41BF5ECCE0030B740 /* Build configuration list for PBXProject "vvvvv" */ = {
			isa = XCConfigurationList;
			buildConfigurations = (
				C07A16E71BF5ECCE0030B740 /* Debug */,
				C07A16E81BF5ECCE0030B740 /* Release */,
			);
			defaultConfigurationIsVisible = 0;
			defaultConfigurationName = Release;
		};
		C07A16E91BF5ECCE0030B740 /* Build configuration list for PBXNativeTarget "vvvvv" */ = {
			isa = XCConfigurationList;
			buildConfigurations = (
				C07A16EA1BF5ECCE0030B740 /* Debug */,
				C07A16EB1BF5ECCE0030B740 /* Release */,
			);
			defaultConfigurationIsVisible = 0;
		};
		C07A16EC1BF5ECCE0030B740 /* Build configuration list for PBXNativeTarget "vvvvvTests" */ = {
			isa = XCConfigurationList;
			buildConfigurations = (
				C07A16ED1BF5ECCE0030B740 /* Debug */,
				C07A16EE1BF5ECCE0030B740 /* Release */,
			);
			defaultConfigurationIsVisible = 0;
		};
		C07A16EF1BF5ECCE0030B740 /* Build configuration list for PBXNativeTarget "vvvvvUITests" */ = {
			isa = XCConfigurationList;
			buildConfigurations = (
				C07A16F01BF5ECCE0030B740 /* Debug */,
				C07A16F11BF5ECCE0030B740 /* Release */,
			);
			defaultConfigurationIsVisible = 0;
		};
/* End XCConfigurationList section */

/* Begin XCVersionGroup section */
		C07A16C81BF5ECCE0030B740 /* vvvvv.xcdatamodeld */ = {
			isa = XCVersionGroup;
			children = (
				C07A16C91BF5ECCE0030B740 /* vvvvv.xcdatamodel */,
			);
			currentVersion = C07A16C91BF5ECCE0030B740 /* vvvvv.xcdatamodel */;
			path = vvvvv.xcdatamodeld;
			sourceTree = "<group>";
			versionGroupType = wrapper.xcdatamodel;
		};
/* End XCVersionGroup section */
	};
	rootObject = C07A16B11BF5ECCE0030B740 /* Project object */;
}
